{
  "name": "salad-cloud-docs",
  "version": "1.0.0",
  "lockfileVersion": 3,
  "requires": true,
  "packages": {
    "": {
      "name": "salad-cloud-docs",
      "version": "1.0.0",
      "dependencies": {
        "@cspell/dict-de-de": "^4.1.2",
        "@cspell/dict-es-es": "^3.0.8",
        "@cspell/dict-fr-fr": "^2.3.2",
        "@cspell/dict-it-it": "^3.1.6",
        "@cspell/dict-pt-br": "^2.4.2",
        "@cspell/dict-pt-pt": "^3.0.6",
        "yaml": "^2.8.3"
      }
    },
    "node_modules/@cspell/dict-de-de": {
      "version": "4.1.2",
      "resolved": "https://registry.npmjs.org/@cspell/dict-de-de/-/dict-de-de-4.1.2.tgz",
      "integrity": "sha512-pRb5bIQc2pJU6bVEsSfhMkB+XXJauaXg3KS+KjO38HBHAe2vg611keKYSkry90Rbn2KVMOLAVjN0hN/qiy5X0A==",
      "license": "LGPL-3.0"
    },
    "node_modules/@cspell/dict-es-es": {
      "version": "3.0.8",
      "resolved": "https://registry.npmjs.org/@cspell/dict-es-es/-/dict-es-es-3.0.8.tgz",
      "integrity": "sha512-tj4zYKYWtAFc+JWtJo0DxLAve7I0UJM5+6we3hvLyzQlhGCBF41cTihPa/cbLHUkTD6PkrVGf1hgOKuSR9hkMQ==",
      "license": "LGPL-3.0"
    },
    "node_modules/@cspell/dict-fr-fr": {
      "version": "2.3.2",
      "resolved": "https://registry.npmjs.org/@cspell/dict-fr-fr/-/dict-fr-fr-2.3.2.tgz",
      "integrity": "sha512-cPNjlavSiMfH/bB/Zl5GEF+94s6C77mdvghvVsclco1Ly0VWN3EpH5L9EE3bDGLDpE7m9EnYfRs8TOfZugGrUg==",
      "license": "MIT"
    },
    "node_modules/@cspell/dict-it-it": {
      "version": "3.1.6",
      "resolved": "https://registry.npmjs.org/@cspell/dict-it-it/-/dict-it-it-3.1.6.tgz",
      "integrity": "sha512-q0o4dTm2RrdczvzQ/ENS+FL9TgPTMxoTdlAMtBE9tZjjUOiYcDkBeHBrmsX1Aq7Wz2xdEiUce2oD9Dn268nDOg==",
      "license": "GPL-3.0-or-later"
    },
    "node_modules/@cspell/dict-pt-br": {
      "version": "2.4.2",
      "resolved": "https://registry.npmjs.org/@cspell/dict-pt-br/-/dict-pt-br-2.4.2.tgz",
      "integrity": "sha512-kNhoNilURI4u8tOolguvKFntkzVA2EdSaoYIveHu6BVx1YAU/o7x6fJyIfSVHFYzGyCgXNXe18neIRPhnVoa5g==",
      "license": "GPL-3.0-or-later"
    },
    "node_modules/@cspell/dict-pt-pt": {
      "version": "3.0.6",
      "resolved": "https://registry.npmjs.org/@cspell/dict-pt-pt/-/dict-pt-pt-3.0.6.tgz",
      "integrity": "sha512-RT3EovAHK086ta4efTp+PxT9a2fZFHGrsf6AhX6LoFfxCn2RZAnITULSuVgkwpD/3Z/Di7oSXXNfeW9LKtGpGQ==",
      "license": "LGPL-3.0"
    },
    "node_modules/yaml": {
      "version": "2.8.3",
      "resolved": "https://registry.npmjs.org/yaml/-/yaml-2.8.3.tgz",
      "integrity": "sha512-AvbaCLOO2Otw/lW5bmh9d/WEdcDFdQp2Z2ZUH3pX9U2ihyUY0nvLv7J6TrWowklRGPYbB/IuIMfYgxaCPg5Bpg==",
      "license": "ISC",
      "bin": {
        "yaml": "bin.mjs"
      },
      "engines": {
        "node": ">= 14.6"
      },
      "funding": {
        "url": "https://github.com/sponsors/eemeli"
      }
    }
  }
}
